<?xml version="1.0" encoding="utf-8"?>
<Project ToolsVersion="16.0" xmlns="http://schemas.microsoft.com/developer/msbuild/2003">
  <ItemGroup>
    <ClCompile Include="C:\Users\johnk\source\repos\software-rasterizer\src\main.cpp">
      <Filter>Source Files</Filter>
    </ClCompile>
    <ClCompile Include="C:\Users\johnk\source\repos\software-rasterizer\src\SoftwareRasterizer.cpp">
      <Filter>Source Files</Filter>
    </ClCompile>
  </ItemGroup>
  <ItemGroup>
    <ClInclude Include="C:\Users\johnk\source\repos\software-rasterizer\inc\SoftwareRasterizer.h">
      <Filter>Header Files</Filter>
    </ClInclude>
    <ClInclude Include="C:\Users\johnk\source\repos\software-rasterizer\inc\RasterizerDesc.h">
      <Filter>Header Files</Filter>
    </ClInclude>
  </ItemGroup>
  <ItemGroup>
    <CustomBuild Include="C:\Users\johnk\source\repos\software-rasterizer\CMakeLists.txt" />
  </ItemGroup>
  <ItemGroup>
    <Filter Include="Header Files">
      <UniqueIdentifier>{3220F591-86DC-36F0-BB90-7AB2BBC92029}</UniqueIdentifier>
    </Filter>
    <Filter Include="Source Files">
      <UniqueIdentifier>{9FFD95CC-7620-3740-A936-DFBCD517C1E0}</UniqueIdentifier>
    </Filter>
  </ItemGroup>
</Project>
